
Microsoft Visual Studio Solution File, Format Version 12.00
# Visual Studio Version 17
VisualStudioVersion = 17.4.33213.308
MinimumVisualStudioVersion = 10.0.40219.1
Project("{9A19103F-16F7-4668-BE54-9A1E7A4F7556}") = "P4", "P4\P4.csproj", "{B4B4501C-5175-4485-B302-CF48BAE9E867}"
EndProject
Project("{9A19103F-16F7-4668-BE54-9A1E7A4F7556}") = "P4.Tests", "P4Tests\P4.Tests.csproj", "{BB42749F-D72F-4884-B26F-D1CC81144E37}"
EndProject
Global
	GlobalSection(SolutionConfigurationPlatforms) = preSolution
		Debug|Any CPU = Debug|Any CPU
		Release|Any CPU = Release|Any CPU
	EndGlobalSection
	GlobalSection(ProjectConfigurationPlatforms) = postSolution
		{B4B4501C-5175-4485-B302-CF48BAE9E867}.Debug|Any CPU.ActiveCfg = Debug|Any CPU
		{B4B4501C-5175-4485-B302-CF48BAE9E867}.Debug|Any CPU.Build.0 = Debug|Any CPU
		{B4B4501C-5175-4485-B302-CF48BAE9E867}.Release|Any CPU.ActiveCfg = Release|Any CPU
		{B4B4501C-5175-4485-B302-CF48BAE9E867}.Release|Any CPU.Build.0 = Release|Any CPU
		{BB42749F-D72F-4884-B26F-D1CC81144E37}.Debug|Any CPU.ActiveCfg = Debug|Any CPU
		{BB42749F-D72F-4884-B26F-D1CC81144E37}.Debug|Any CPU.Build.0 = Debug|Any CPU
		{BB42749F-D72F-4884-B26F-D1CC81144E37}.Release|Any CPU.ActiveCfg = Release|Any CPU
		{BB42749F-D72F-4884-B26F-D1CC81144E37}.Release|Any CPU.Build.0 = Release|Any CPU
	EndGlobalSection
	GlobalSection(SolutionProperties) = preSolution
		HideSolutionNode = FALSE
	EndGlobalSection
	GlobalSection(ExtensibilityGlobals) = postSolution
		SolutionGuid = {AC264700-D0FE-4B63-9E11-8EF8B75D470C}
	EndGlobalSection
EndGlobal
